lockfileVersion: '9.0'

settings:
  autoInstallPeers: true
  excludeLinksFromLockfile: false

importers:

  .:
    dependencies:
      '@tanstack/react-query-devtools':
        specifier: ^5.90.2
        version: 5.90.2(@tanstack/react-query@5.90.7(react@19.2.0))(react@19.2.0)
      node:
        specifier: ^25.1.0
        version: 25.1.0

packages:

  '@tanstack/query-core@5.90.7':
    resolution: {integrity: sha512-6PN65csiuTNfBMXqQUxQhCNdtm1rV+9kC9YwWAIKcaxAauq3Wu7p18j3gQY3YIBJU70jT/wzCCZ2uqto/vQgiQ==}

  '@tanstack/query-devtools@5.90.1':
    resolution: {integrity: sha512-GtINOPjPUH0OegJExZ70UahT9ykmAhmtNVcmtdnOZbxLwT7R5OmRztR5Ahe3/Cu7LArEmR6/588tAycuaWb1xQ==}

  '@tanstack/react-query-devtools@5.90.2':
    resolution: {integrity: sha512-vAXJzZuBXtCQtrY3F/yUNJCV4obT/A/n81kb3+YqLbro5Z2+phdAbceO+deU3ywPw8B42oyJlp4FhO0SoivDFQ==}
    peerDependencies:
      '@tanstack/react-query': ^5.90.2
      react: ^18 || ^19

  '@tanstack/react-query@5.90.7':
    resolution: {integrity: sha512-wAHc/cgKzW7LZNFloThyHnV/AX9gTg3w5yAv0gvQHPZoCnepwqCMtzbuPbb2UvfvO32XZ46e8bPOYbfZhzVnnQ==}
    peerDependencies:
      react: ^18 || ^19

  node-bin-setup@1.1.4:
    resolution: {integrity: sha512-vWNHOne0ZUavArqPP5LJta50+S8R261Fr5SvGul37HbEDcowvLjwdvd0ZeSr0r2lTSrPxl6okq9QUw8BFGiAxA==}

  node@25.1.0:
    resolution: {integrity: sha512-nYC3Zsz3ZQHGbBQrU8OAf63Qwhgptf352vQLGXVES2dL22QRrwjGzkuGS+C4FJ1b0awisMEe2tuPU87MDwj61A==}
    engines: {npm: '>=5.0.0'}
    hasBin: true

  react@19.2.0:
    resolution: {integrity: sha512-tmbWg6W31tQLeB5cdIBOicJDJRR2KzXsV7uSK9iNfLWQ5bIZfxuPEHp7M8wiHyHnn0DD1i7w3Zmin0FtkrwoCQ==}
    engines: {node: '>=0.10.0'}

snapshots:

  '@tanstack/query-core@5.90.7': {}

  '@tanstack/query-devtools@5.90.1': {}

  '@tanstack/react-query-devtools@5.90.2(@tanstack/react-query@5.90.7(react@19.2.0))(react@19.2.0)':
    dependencies:
      '@tanstack/query-devtools': 5.90.1
      '@tanstack/react-query': 5.90.7(react@19.2.0)
      react: 19.2.0

  '@tanstack/react-query@5.90.7(react@19.2.0)':
    dependencies:
      '@tanstack/query-core': 5.90.7
      react: 19.2.0

  node-bin-setup@1.1.4: {}

  node@25.1.0:
    dependencies:
      node-bin-setup: 1.1.4

  react@19.2.0: {}
